
Microsoft Visual Studio Solution File, Format Version 12.00
# Visual Studio Version 17
VisualStudioVersion = 17.0.31521.260
MinimumVisualStudioVersion = 10.0.40219.1
Project("{9A19103F-16F7-4668-BE54-9A1E7A4F7556}") = "FFXIVMusicExporter", "FFXIVMusicExporter\FFXIVMusicExporter.csproj", "{5543A4C6-0F2B-408F-B4FC-D4FDFC303DF1}"
EndProject
Project("{9A19103F-16F7-4668-BE54-9A1E7A4F7556}") = "FFXIVMusicExporter.Core", "FFXIVMusicExporter.Core\FFXIVMusicExporter.Core.csproj", "{2BEBEB8B-E020-45BA-AB16-92E4A9004E56}"
EndProject
Project("{2150E333-8FDC-42A3-9474-1A3956D46DE8}") = "Libraries", "Libraries", "{66E125BD-0279-4FAE-A32D-61465DEC2FB8}"
EndProject
Project("{2150E333-8FDC-42A3-9474-1A3956D46DE8}") = "Modules", "Modules", "{85884D65-996E-413A-BF09-01512708322E}"
EndProject
Project("{9A19103F-16F7-4668-BE54-9A1E7A4F7556}") = "UpdateRealm.Module", "UpdateRealm.Module\UpdateRealm.Module.csproj", "{FC283654-E664-4310-A8B2-14F5F90218A3}"
EndProject
Project("{9A19103F-16F7-4668-BE54-9A1E7A4F7556}") = "RipMusic.Module", "RipMusic.Module\RipMusic.Module.csproj", "{6C4F29E0-CE44-4331-97C2-A6B405E02103}"
EndProject
Project("{9A19103F-16F7-4668-BE54-9A1E7A4F7556}") = "RipExd.Module", "RipExd.Module\RipExd.Module.csproj", "{42046864-C504-4B80-853F-3655D61C094C}"
EndProject
Project("{FAE04EC0-301F-11D3-BF4B-00C04F79EFBC}") = "SaintCoinach", "C:\Users\jim\source\repos\CrimsonOrion\SaintCoinach\SaintCoinach\SaintCoinach.csproj", "{2F6DCDA6-6F20-474D-B231-286128D969D8}"
EndProject
Global
	GlobalSection(SolutionConfigurationPlatforms) = preSolution
		Debug|Any CPU = Debug|Any CPU
		Release|Any CPU = Release|Any CPU
	EndGlobalSection
	GlobalSection(ProjectConfigurationPlatforms) = postSolution
		{5543A4C6-0F2B-408F-B4FC-D4FDFC303DF1}.Debug|Any CPU.ActiveCfg = Debug|Any CPU
		{5543A4C6-0F2B-408F-B4FC-D4FDFC303DF1}.Debug|Any CPU.Build.0 = Debug|Any CPU
		{5543A4C6-0F2B-408F-B4FC-D4FDFC303DF1}.Release|Any CPU.ActiveCfg = Release|Any CPU
		{5543A4C6-0F2B-408F-B4FC-D4FDFC303DF1}.Release|Any CPU.Build.0 = Release|Any CPU
		{2BEBEB8B-E020-45BA-AB16-92E4A9004E56}.Debug|Any CPU.ActiveCfg = Debug|Any CPU
		{2BEBEB8B-E020-45BA-AB16-92E4A9004E56}.Debug|Any CPU.Build.0 = Debug|Any CPU
		{2BEBEB8B-E020-45BA-AB16-92E4A9004E56}.Release|Any CPU.ActiveCfg = Release|Any CPU
		{2BEBEB8B-E020-45BA-AB16-92E4A9004E56}.Release|Any CPU.Build.0 = Release|Any CPU
		{FC283654-E664-4310-A8B2-14F5F90218A3}.Debug|Any CPU.ActiveCfg = Debug|Any CPU
		{FC283654-E664-4310-A8B2-14F5F90218A3}.Debug|Any CPU.Build.0 = Debug|Any CPU
		{FC283654-E664-4310-A8B2-14F5F90218A3}.Release|Any CPU.ActiveCfg = Release|Any CPU
		{FC283654-E664-4310-A8B2-14F5F90218A3}.Release|Any CPU.Build.0 = Release|Any CPU
		{6C4F29E0-CE44-4331-97C2-A6B405E02103}.Debug|Any CPU.ActiveCfg = Debug|Any CPU
		{6C4F29E0-CE44-4331-97C2-A6B405E02103}.Debug|Any CPU.Build.0 = Debug|Any CPU
		{6C4F29E0-CE44-4331-97C2-A6B405E02103}.Release|Any CPU.ActiveCfg = Release|Any CPU
		{6C4F29E0-CE44-4331-97C2-A6B405E02103}.Release|Any CPU.Build.0 = Release|Any CPU
		{42046864-C504-4B80-853F-3655D61C094C}.Debug|Any CPU.ActiveCfg = Debug|Any CPU
		{42046864-C504-4B80-853F-3655D61C094C}.Debug|Any CPU.Build.0 = Debug|Any CPU
		{42046864-C504-4B80-853F-3655D61C094C}.Release|Any CPU.ActiveCfg = Release|Any CPU
		{42046864-C504-4B80-853F-3655D61C094C}.Release|Any CPU.Build.0 = Release|Any CPU
		{2F6DCDA6-6F20-474D-B231-286128D969D8}.Debug|Any CPU.ActiveCfg = Debug|Any CPU
		{2F6DCDA6-6F20-474D-B231-286128D969D8}.Debug|Any CPU.Build.0 = Debug|Any CPU
		{2F6DCDA6-6F20-474D-B231-286128D969D8}.Release|Any CPU.ActiveCfg = Release|Any CPU
		{2F6DCDA6-6F20-474D-B231-286128D969D8}.Release|Any CPU.Build.0 = Release|Any CPU
	EndGlobalSection
	GlobalSection(SolutionProperties) = preSolution
		HideSolutionNode = FALSE
	EndGlobalSection
	GlobalSection(NestedProjects) = preSolution
		{2BEBEB8B-E020-45BA-AB16-92E4A9004E56} = {66E125BD-0279-4FAE-A32D-61465DEC2FB8}
		{FC283654-E664-4310-A8B2-14F5F90218A3} = {85884D65-996E-413A-BF09-01512708322E}
		{6C4F29E0-CE44-4331-97C2-A6B405E02103} = {85884D65-996E-413A-BF09-01512708322E}
		{42046864-C504-4B80-853F-3655D61C094C} = {85884D65-996E-413A-BF09-01512708322E}
		{2F6DCDA6-6F20-474D-B231-286128D969D8} = {66E125BD-0279-4FAE-A32D-61465DEC2FB8}
	EndGlobalSection
	GlobalSection(ExtensibilityGlobals) = postSolution
		SolutionGuid = {B5E1EC68-AD86-4F03-8711-906089FEBB60}
	EndGlobalSection
EndGlobal
